
Microsoft Visual Studio Solution File, Format Version 12.00
# Visual Studio Version 16
VisualStudioVersion = 16.0.29306.81
MinimumVisualStudioVersion = 10.0.40219.1
Project("{9A19103F-16F7-4668-BE54-9A1E7A4F7556}") = "TestTaskNETCore", "TestTaskNETCore.csproj", "{A5769D2F-BD9D-42EA-A66D-24D7F7D74FC4}"
EndProject
Global
	GlobalSection(SolutionConfigurationPlatforms) = preSolution
		Debug|Any CPU = Debug|Any CPU
		Release|Any CPU = Release|Any CPU
	EndGlobalSection
	GlobalSection(ProjectConfigurationPlatforms) = postSolution
		{A5769D2F-BD9D-42EA-A66D-24D7F7D74FC4}.Debug|Any CPU.ActiveCfg = Debug|Any CPU
		{A5769D2F-BD9D-42EA-A66D-24D7F7D74FC4}.Debug|Any CPU.Build.0 = Debug|Any CPU
		{A5769D2F-BD9D-42EA-A66D-24D7F7D74FC4}.Release|Any CPU.ActiveCfg = Release|Any CPU
		{A5769D2F-BD9D-42EA-A66D-24D7F7D74FC4}.Release|Any CPU.Build.0 = Release|Any CPU
	EndGlobalSection
	GlobalSection(SolutionProperties) = preSolution
		HideSolutionNode = FALSE
	EndGlobalSection
	GlobalSection(ExtensibilityGlobals) = postSolution
		SolutionGuid = {1F206100-F671-4C5F-9D9B-E4C1763B3386}
	EndGlobalSection
EndGlobal
